
Microsoft Visual Studio Solution File, Format Version 12.00
# Visual Studio Version 17
VisualStudioVersion = 17.9.34723.18
MinimumVisualStudioVersion = 10.0.40219.1
Project("{FAE04EC0-301F-11D3-BF4B-00C04F79EFBC}") = "JogoGourmet", "JogoGourmet\JogoGourmet.csproj", "{8811D2FA-B081-405C-9AD7-092C4B55B747}"
EndProject
Global
	GlobalSection(SolutionConfigurationPlatforms) = preSolution
		Debug|Any CPU = Debug|Any CPU
		Release|Any CPU = Release|Any CPU
	EndGlobalSection
	GlobalSection(ProjectConfigurationPlatforms) = postSolution
		{8811D2FA-B081-405C-9AD7-092C4B55B747}.Debug|Any CPU.ActiveCfg = Debug|Any CPU
		{8811D2FA-B081-405C-9AD7-092C4B55B747}.Debug|Any CPU.Build.0 = Debug|Any CPU
		{8811D2FA-B081-405C-9AD7-092C4B55B747}.Release|Any CPU.ActiveCfg = Release|Any CPU
		{8811D2FA-B081-405C-9AD7-092C4B55B747}.Release|Any CPU.Build.0 = Release|Any CPU
	EndGlobalSection
	GlobalSection(SolutionProperties) = preSolution
		HideSolutionNode = FALSE
	EndGlobalSection
	GlobalSection(ExtensibilityGlobals) = postSolution
		SolutionGuid = {F2FCD626-FFCE-4D00-861E-4C48E4C24F65}
	EndGlobalSection
EndGlobal
